
Microsoft Visual Studio Solution File, Format Version 12.00
# Visual Studio 2013
VisualStudioVersion = 12.0.31101.0
MinimumVisualStudioVersion = 10.0.40219.1
Project("{FAE04EC0-301F-11D3-BF4B-00C04F79EFBC}") = "MvcMovie", "MvcMovie\MvcMovie.csproj", "{D5E7BCAC-00BF-4C15-B3DD-51F472019DD7}"
EndProject
Project("{FAE04EC0-301F-11D3-BF4B-00C04F79EFBC}") = "MvcMovie.Tests", "MvcMovie.Tests\MvcMovie.Tests.csproj", "{FDE80A2E-FC8A-4BC4-AE0E-3A5A30EB64A1}"
EndProject
Global
	GlobalSection(SolutionConfigurationPlatforms) = preSolution
		Debug|Any CPU = Debug|Any CPU
		Release|Any CPU = Release|Any CPU
	EndGlobalSection
	GlobalSection(ProjectConfigurationPlatforms) = postSolution
		{D5E7BCAC-00BF-4C15-B3DD-51F472019DD7}.Debug|Any CPU.ActiveCfg = Debug|Any CPU
		{D5E7BCAC-00BF-4C15-B3DD-51F472019DD7}.Debug|Any CPU.Build.0 = Debug|Any CPU
		{D5E7BCAC-00BF-4C15-B3DD-51F472019DD7}.Release|Any CPU.ActiveCfg = Release|Any CPU
		{D5E7BCAC-00BF-4C15-B3DD-51F472019DD7}.Release|Any CPU.Build.0 = Release|Any CPU
		{FDE80A2E-FC8A-4BC4-AE0E-3A5A30EB64A1}.Debug|Any CPU.ActiveCfg = Debug|Any CPU
		{FDE80A2E-FC8A-4BC4-AE0E-3A5A30EB64A1}.Debug|Any CPU.Build.0 = Debug|Any CPU
		{FDE80A2E-FC8A-4BC4-AE0E-3A5A30EB64A1}.Release|Any CPU.ActiveCfg = Release|Any CPU
		{FDE80A2E-FC8A-4BC4-AE0E-3A5A30EB64A1}.Release|Any CPU.Build.0 = Release|Any CPU
	EndGlobalSection
	GlobalSection(SolutionProperties) = preSolution
		HideSolutionNode = FALSE
	EndGlobalSection
EndGlobal
